<?xml version="1.0" encoding="utf-8"?>
<Project ToolsVersion="4.0" xmlns="http://schemas.microsoft.com/developer/msbuild/2003">
  <ItemGroup>
    <Filter Include="Source Files">
      <UniqueIdentifier>{4FC737F1-C7A5-4376-A066-2A32D752A2FF}</UniqueIdentifier>
      <Extensions>cpp;c;cc;cxx;c++;cppm;ixx;def;odl;idl;hpj;bat;asm;asmx</Extensions>
    </Filter>
    <Filter Include="Header Files">
      <UniqueIdentifier>{93995380-89BD-4b04-88EB-625FBE52EBFB}</UniqueIdentifier>
      <Extensions>h;hh;hpp;hxx;h++;hm;inl;inc;ipp;xsd</Extensions>
    </Filter>
    <Filter Include="Resource Files">
      <UniqueIdentifier>{67DA6AB6-F800-4c08-8B7A-83BB121AAD01}</UniqueIdentifier>
      <Extensions>rc;ico;cur;bmp;dlg;rc2;rct;bin;rgs;gif;jpg;jpeg;jpe;resx;tiff;tif;png;wav;mfcribbon-ms</Extensions>
    </Filter>
    <Filter Include="Resource Files\Shaders">
      <UniqueIdentifier>{413cbc87-35aa-4700-93f7-11ca159a9f60}</UniqueIdentifier>
    </Filter>
    <Filter Include="Resource Files\Textures">
      <UniqueIdentifier>{2b5a163a-2e1c-4fe1-a630-2873e40040ea}</UniqueIdentifier>
    </Filter>
    <Filter Include="Source Files\core">
      <UniqueIdentifier>{4c1a9bea-ed46-4ee1-9839-93c0f71c8e11}</UniqueIdentifier>
    </Filter>
    <Filter Include="Header Files\core">
      <UniqueIdentifier>{0ffb96bb-20a8-4a4a-a5ec-2b27886678ae}</UniqueIdentifier>
    </Filter>
    <Filter Include="Source Files\renderer">
      <UniqueIdentifier>{12cb8558-dfef-446b-86ea-b97636b832b1}</UniqueIdentifier>
    </Filter>
    <Filter Include="Header Files\renderer">
      <UniqueIdentifier>{f40bc4d2-e05d-4b22-8561-9fcb02b6cfe8}</UniqueIdentifier>
    </Filter>
  </ItemGroup>
  <ItemGroup>
    <ClCompile Include="Main.cpp">
      <Filter>Source Files\core</Filter>
    </ClCompile>
    <ClCompile Include="Dependencies\stb_image\stb_image.cpp">
      <Filter>Source Files\renderer</Filter>
    </ClCompile>
    <ClCompile Include="sources\renderer\texture.cpp">
      <Filter>Source Files\renderer</Filter>
    </ClCompile>
    <ClCompile Include="sources\renderer\window.cpp">
      <Filter>Source Files\renderer</Filter>
    </ClCompile>
    <ClCompile Include="sources\renderer\icon.cpp">
      <Filter>Source Files\renderer</Filter>
    </ClCompile>
    <ClCompile Include="sources\Graphics\indexBuffer.cpp">
      <Filter>Source Files</Filter>
    </ClCompile>
    <ClCompile Include="sources\renderer\shader.cpp">
      <Filter>Source Files</Filter>
    </ClCompile>
    <ClCompile Include="sources\Graphics\vertexArray.cpp">
      <Filter>Source Files</Filter>
    </ClCompile>
    <ClCompile Include="sources\Graphics\vertexBuffer.cpp">
      <Filter>Source Files</Filter>
    </ClCompile>
    <ClCompile Include="sources\renderer\renderer.cpp">
      <Filter>Source Files</Filter>
    </ClCompile>
    <ClCompile Include="sources\IO\keyListener.cpp">
      <Filter>Source Files</Filter>
    </ClCompile>
    <ClCompile Include="sources\Graphics\Mesh.cpp">
      <Filter>Source Files</Filter>
    </ClCompile>
    <ClCompile Include="sources\IO\mouseListener.cpp">
      <Filter>Source Files</Filter>
    </ClCompile>
    <ClCompile Include="Dependencies\imgui\imgui.cpp">
      <Filter>Source Files</Filter>
    </ClCompile>
    <ClCompile Include="Dependencies\imgui\imgui_demo.cpp">
      <Filter>Source Files</Filter>
    </ClCompile>
    <ClCompile Include="Dependencies\imgui\imgui_draw.cpp">
      <Filter>Source Files</Filter>
    </ClCompile>
    <ClCompile Include="Dependencies\imgui\imgui_impl_glfw.cpp">
      <Filter>Source Files</Filter>
    </ClCompile>
    <ClCompile Include="Dependencies\imgui\imgui_impl_opengl3.cpp">
      <Filter>Source Files</Filter>
    </ClCompile>
    <ClCompile Include="Dependencies\imgui\imgui_tables.cpp">
      <Filter>Source Files</Filter>
    </ClCompile>
    <ClCompile Include="Dependencies\imgui\imgui_widgets.cpp">
      <Filter>Source Files</Filter>
    </ClCompile>
    <ClCompile Include="sources\IO\Camera.cpp">
      <Filter>Source Files</Filter>
    </ClCompile>
    <ClCompile Include="sources\IO\OrthographicCamera.cpp">
      <Filter>Source Files</Filter>
    </ClCompile>
  </ItemGroup>
  <ItemGroup>
    <ClInclude Include="sources\core.h">
      <Filter>Header Files\core</Filter>
    </ClInclude>
    <ClInclude Include="sources\renderer\window.h">
      <Filter>Header Files\renderer</Filter>
    </ClInclude>
    <ClInclude Include="sources\renderer\icon.h">
      <Filter>Header Files\renderer</Filter>
    </ClInclude>
    <ClInclude Include="Dependencies\stb_image\stb_image.h">
      <Filter>Header Files\renderer</Filter>
    </ClInclude>
    <ClInclude Include="sources\renderer\texture.h">
      <Filter>Header Files\renderer</Filter>
    </ClInclude>
    <ClInclude Include="sources\Graphics\indexBuffer.h">
      <Filter>Header Files</Filter>
    </ClInclude>
    <ClInclude Include="sources\renderer\shader.h">
      <Filter>Header Files</Filter>
    </ClInclude>
    <ClInclude Include="sources\Graphics\vertexArray.h">
      <Filter>Header Files</Filter>
    </ClInclude>
    <ClInclude Include="sources\Graphics\vertexBuffer.h">
      <Filter>Header Files</Filter>
    </ClInclude>
    <ClInclude Include="sources\Graphics\vertexBufferLayout.h">
      <Filter>Header Files</Filter>
    </ClInclude>
    <ClInclude Include="sources\renderer\renderer.h">
      <Filter>Header Files</Filter>
    </ClInclude>
    <ClInclude Include="sources\IO\keyListener.h">
      <Filter>Header Files</Filter>
    </ClInclude>
    <ClInclude Include="sources\Graphics\Mesh.h">
      <Filter>Header Files</Filter>
    </ClInclude>
    <ClInclude Include="sources\IO\mouseListener.h">
      <Filter>Header Files</Filter>
    </ClInclude>
    <ClInclude Include="Dependencies\imgui\imconfig.h">
      <Filter>Header Files</Filter>
    </ClInclude>
    <ClInclude Include="Dependencies\imgui\imgui.h">
      <Filter>Header Files</Filter>
    </ClInclude>
    <ClInclude Include="Dependencies\imgui\imgui_impl_glfw.h">
      <Filter>Header Files</Filter>
    </ClInclude>
    <ClInclude Include="Dependencies\imgui\imgui_impl_opengl3.h">
      <Filter>Header Files</Filter>
    </ClInclude>
    <ClInclude Include="Dependencies\imgui\imgui_impl_opengl3_loader.h">
      <Filter>Header Files</Filter>
    </ClInclude>
    <ClInclude Include="Dependencies\imgui\imgui_internal.h">
      <Filter>Header Files</Filter>
    </ClInclude>
    <ClInclude Include="Dependencies\imgui\imstb_rectpack.h">
      <Filter>Header Files</Filter>
    </ClInclude>
    <ClInclude Include="Dependencies\imgui\imstb_textedit.h">
      <Filter>Header Files</Filter>
    </ClInclude>
    <ClInclude Include="Dependencies\imgui\imstb_truetype.h">
      <Filter>Header Files</Filter>
    </ClInclude>
    <ClInclude Include="sources\IO\Camera.h">
      <Filter>Header Files</Filter>
    </ClInclude>
    <ClInclude Include="sources\IO\OrthographicCamera.h">
      <Filter>Header Files</Filter>
    </ClInclude>
  </ItemGroup>
  <ItemGroup>
    <None Include="glfw3.dll" />
    <None Include="glew32.dll" />
    <None Include="assets\shaders\default.glsl" />
  </ItemGroup>
  <ItemGroup>
    <Image Include="assets\img\bg.jpg">
      <Filter>Resource Files\Textures</Filter>
    </Image>
    <Image Include="assets\img\bird.png">
      <Filter>Resource Files\Textures</Filter>
    </Image>
    <Image Include="assets\img\gameover.png">
      <Filter>Resource Files\Textures</Filter>
    </Image>
    <Image Include="assets\img\icon.png">
      <Filter>Resource Files\Textures</Filter>
    </Image>
    <Image Include="assets\img\pipe.png">
      <Filter>Resource Files\Textures</Filter>
    </Image>
    <Image Include="assets\img\gorilla.png">
      <Filter>Resource Files\Textures</Filter>
    </Image>
    <Image Include="assets\img\grass.jpg">
      <Filter>Resource Files\Textures</Filter>
    </Image>
    <Image Include="assets\img\logo.jpg">
      <Filter>Resource Files</Filter>
    </Image>
    <Image Include="assets\img\logo.png">
      <Filter>Resource Files</Filter>
    </Image>
    <Image Include="assets\img\logo-invert.png">
      <Filter>Resource Files</Filter>
    </Image>
    <Image Include="assets\img\wall.jpg">
      <Filter>Resource Files</Filter>
    </Image>
    <Image Include="assets\brick.png">
      <Filter>Resource Files</Filter>
    </Image>
    <Image Include="assets\mario.png">
      <Filter>Resource Files</Filter>
    </Image>
    <Image Include="assets\obstacle.png">
      <Filter>Resource Files</Filter>
    </Image>
    <Image Include="assets\bg.jpg">
      <Filter>Resource Files</Filter>
    </Image>
    <Image Include="assets\img\defaultPlane.jpg">
      <Filter>Resource Files</Filter>
    </Image>
    <Image Include="assets\img\mario.png">
      <Filter>Resource Files</Filter>
    </Image>
    <Image Include="assets\img\obstacle.png">
      <Filter>Resource Files</Filter>
    </Image>
    <Image Include="assets\img\brick.png">
      <Filter>Resource Files</Filter>
    </Image>
  </ItemGroup>
  <ItemGroup>
    <Text Include="Source.txt" />
  </ItemGroup>
</Project>